
Microsoft Visual Studio Solution File, Format Version 12.00
# Visual Studio Version 17
VisualStudioVersion = 17.14.36109.1
MinimumVisualStudioVersion = 10.0.40219.1
Project("{FAE04EC0-301F-11D3-BF4B-00C04F79EFBC}") = "RuleArchitect.ApplicationLogic", "RuleArchitect.ApplicationLogic\RuleArchitect.ApplicationLogic.csproj", "{0D7F746D-E1BF-4FBF-B7FB-95295E91218F}"
	ProjectSection(ProjectDependencies) = postProject
		{2E91C9C5-CBCD-03A1-FB79-B886B552CD87} = {2E91C9C5-CBCD-03A1-FB79-B886B552CD87}
	EndProjectSection
EndProject
Project("{FAE04EC0-301F-11D3-BF4B-00C04F79EFBC}") = "RuleArchitect.DesktopClient", "RuleArchitect.DesktopClient\RuleArchitect.DesktopClient.csproj", "{EB63FC75-176D-4E0C-9907-CCFA1BBF2883}"
EndProject
Project("{FAE04EC0-301F-11D3-BF4B-00C04F79EFBC}") = "RuleArchitect", "RuleArchitect\RuleArchitect.csproj", "{2E91C9C5-CBCD-03A1-FB79-B886B552CD87}"
EndProject
Project("{FAE04EC0-301F-11D3-BF4B-00C04F79EFBC}") = "RuleArchitect.ApplicationLogic.Tests", "RuleArchitect.ApplicationLogic.Tests\RuleArchitect.ApplicationLogic.Tests.csproj", "{35BEB3CE-9D58-4690-B7C3-DD26A979A409}"
EndProject
Project("{FAE04EC0-301F-11D3-BF4B-00C04F79EFBC}") = "GenesisSentry", "GenesisSentry\GenesisSentry.csproj", "{28967177-5FE7-49F6-9C18-5A6B6AED137B}"
EndProject
Project("{FAE04EC0-301F-11D3-BF4B-00C04F79EFBC}") = "HeraldKit", "HeraldKit\HeraldKit\HeraldKit.csproj", "{BFB69C3C-C16C-42D9-A39F-45FB1D56F778}"
EndProject
Project("{FAE04EC0-301F-11D3-BF4B-00C04F79EFBC}") = "HeraldKit.Tests", "HeraldKit.Tests\HeraldKit.Tests.csproj", "{D64F51F8-32D8-4E67-9C05-20184AA08D77}"
EndProject
Project("{FAE04EC0-301F-11D3-BF4B-00C04F79EFBC}") = "GenesisOrderGateway", "GenesisOrderGateway\GenesisOrderGateway.csproj", "{75D80BCE-9528-4AC3-AB69-8F81718A9756}"
EndProject
Project("{FAE04EC0-301F-11D3-BF4B-00C04F79EFBC}") = "GenesisOrderGateway.Tests", "GenesisOrderGateway.Tests\GenesisOrderGateway.Tests.csproj", "{7071FB09-9362-4948-B5AD-7711341694D6}"
EndProject
Global
	GlobalSection(SolutionConfigurationPlatforms) = preSolution
		Debug|Any CPU = Debug|Any CPU
		Release|Any CPU = Release|Any CPU
	EndGlobalSection
	GlobalSection(ProjectConfigurationPlatforms) = postSolution
		{0D7F746D-E1BF-4FBF-B7FB-95295E91218F}.Debug|Any CPU.ActiveCfg = Debug|Any CPU
		{0D7F746D-E1BF-4FBF-B7FB-95295E91218F}.Debug|Any CPU.Build.0 = Debug|Any CPU
		{0D7F746D-E1BF-4FBF-B7FB-95295E91218F}.Release|Any CPU.ActiveCfg = Release|Any CPU
		{0D7F746D-E1BF-4FBF-B7FB-95295E91218F}.Release|Any CPU.Build.0 = Release|Any CPU
		{EB63FC75-176D-4E0C-9907-CCFA1BBF2883}.Debug|Any CPU.ActiveCfg = Debug|Any CPU
		{EB63FC75-176D-4E0C-9907-CCFA1BBF2883}.Debug|Any CPU.Build.0 = Debug|Any CPU
		{EB63FC75-176D-4E0C-9907-CCFA1BBF2883}.Release|Any CPU.ActiveCfg = Release|Any CPU
		{EB63FC75-176D-4E0C-9907-CCFA1BBF2883}.Release|Any CPU.Build.0 = Release|Any CPU
		{2E91C9C5-CBCD-03A1-FB79-B886B552CD87}.Debug|Any CPU.ActiveCfg = Debug|Any CPU
		{2E91C9C5-CBCD-03A1-FB79-B886B552CD87}.Debug|Any CPU.Build.0 = Debug|Any CPU
		{2E91C9C5-CBCD-03A1-FB79-B886B552CD87}.Release|Any CPU.ActiveCfg = Release|Any CPU
		{2E91C9C5-CBCD-03A1-FB79-B886B552CD87}.Release|Any CPU.Build.0 = Release|Any CPU
		{35BEB3CE-9D58-4690-B7C3-DD26A979A409}.Debug|Any CPU.ActiveCfg = Debug|Any CPU
		{35BEB3CE-9D58-4690-B7C3-DD26A979A409}.Debug|Any CPU.Build.0 = Debug|Any CPU
		{35BEB3CE-9D58-4690-B7C3-DD26A979A409}.Release|Any CPU.ActiveCfg = Release|Any CPU
		{35BEB3CE-9D58-4690-B7C3-DD26A979A409}.Release|Any CPU.Build.0 = Release|Any CPU
		{28967177-5FE7-49F6-9C18-5A6B6AED137B}.Debug|Any CPU.ActiveCfg = Debug|Any CPU
		{28967177-5FE7-49F6-9C18-5A6B6AED137B}.Debug|Any CPU.Build.0 = Debug|Any CPU
		{28967177-5FE7-49F6-9C18-5A6B6AED137B}.Release|Any CPU.ActiveCfg = Release|Any CPU
		{28967177-5FE7-49F6-9C18-5A6B6AED137B}.Release|Any CPU.Build.0 = Release|Any CPU
		{BFB69C3C-C16C-42D9-A39F-45FB1D56F778}.Debug|Any CPU.ActiveCfg = Debug|Any CPU
		{BFB69C3C-C16C-42D9-A39F-45FB1D56F778}.Debug|Any CPU.Build.0 = Debug|Any CPU
		{BFB69C3C-C16C-42D9-A39F-45FB1D56F778}.Release|Any CPU.ActiveCfg = Release|Any CPU
		{BFB69C3C-C16C-42D9-A39F-45FB1D56F778}.Release|Any CPU.Build.0 = Release|Any CPU
		{D64F51F8-32D8-4E67-9C05-20184AA08D77}.Debug|Any CPU.ActiveCfg = Debug|Any CPU
		{D64F51F8-32D8-4E67-9C05-20184AA08D77}.Debug|Any CPU.Build.0 = Debug|Any CPU
		{D64F51F8-32D8-4E67-9C05-20184AA08D77}.Release|Any CPU.ActiveCfg = Release|Any CPU
		{D64F51F8-32D8-4E67-9C05-20184AA08D77}.Release|Any CPU.Build.0 = Release|Any CPU
		{75D80BCE-9528-4AC3-AB69-8F81718A9756}.Debug|Any CPU.ActiveCfg = Debug|Any CPU
		{75D80BCE-9528-4AC3-AB69-8F81718A9756}.Debug|Any CPU.Build.0 = Debug|Any CPU
		{75D80BCE-9528-4AC3-AB69-8F81718A9756}.Release|Any CPU.ActiveCfg = Release|Any CPU
		{75D80BCE-9528-4AC3-AB69-8F81718A9756}.Release|Any CPU.Build.0 = Release|Any CPU
		{7071FB09-9362-4948-B5AD-7711341694D6}.Debug|Any CPU.ActiveCfg = Debug|Any CPU
		{7071FB09-9362-4948-B5AD-7711341694D6}.Debug|Any CPU.Build.0 = Debug|Any CPU
		{7071FB09-9362-4948-B5AD-7711341694D6}.Release|Any CPU.ActiveCfg = Release|Any CPU
		{7071FB09-9362-4948-B5AD-7711341694D6}.Release|Any CPU.Build.0 = Release|Any CPU
	EndGlobalSection
	GlobalSection(SolutionProperties) = preSolution
		HideSolutionNode = FALSE
	EndGlobalSection
	GlobalSection(ExtensibilityGlobals) = postSolution
		SolutionGuid = {02E0AAA3-76FB-4910-9C57-4D882C9B211B}
	EndGlobalSection
EndGlobal
